
Microsoft Visual Studio Solution File, Format Version 12.00
# Visual Studio Version 17
VisualStudioVersion = 17.12.35209.166
MinimumVisualStudioVersion = 10.0.40219.1
Project("{FAE04EC0-301F-11D3-BF4B-00C04F79EFBC}") = "Hello World", "Hello World\Hello World.csproj", "{F5AD3334-184C-4A83-BD75-B40EC6CDEF30}"
EndProject
Global
	GlobalSection(SolutionConfigurationPlatforms) = preSolution
		Debug|Any CPU = Debug|Any CPU
		Release|Any CPU = Release|Any CPU
	EndGlobalSection
	GlobalSection(ProjectConfigurationPlatforms) = postSolution
		{F5AD3334-184C-4A83-BD75-B40EC6CDEF30}.Debug|Any CPU.ActiveCfg = Debug|Any CPU
		{F5AD3334-184C-4A83-BD75-B40EC6CDEF30}.Debug|Any CPU.Build.0 = Debug|Any CPU
		{F5AD3334-184C-4A83-BD75-B40EC6CDEF30}.Release|Any CPU.ActiveCfg = Release|Any CPU
		{F5AD3334-184C-4A83-BD75-B40EC6CDEF30}.Release|Any CPU.Build.0 = Release|Any CPU
	EndGlobalSection
	GlobalSection(SolutionProperties) = preSolution
		HideSolutionNode = FALSE
	EndGlobalSection
	GlobalSection(ExtensibilityGlobals) = postSolution
		SolutionGuid = {4B522BDF-6134-40F6-AE61-32736BD22D9D}
	EndGlobalSection
EndGlobal
